
Microsoft Visual Studio Solution File, Format Version 12.00
# Visual Studio Version 16
VisualStudioVersion = 16.0.31702.278
MinimumVisualStudioVersion = 10.0.40219.1
Project("{FAE04EC0-301F-11D3-BF4B-00C04F79EFBC}") = "Application", "Application\Application.csproj", "{AFE0C9FA-F597-426E-9920-60C7FE4CCF33}"
EndProject
Project("{FAE04EC0-301F-11D3-BF4B-00C04F79EFBC}") = "Updater", "Updater\Updater.csproj", "{5F9A7E69-6152-4E0F-A838-62036010920E}"
EndProject
Global
	GlobalSection(SolutionConfigurationPlatforms) = preSolution
		Debug|Any CPU = Debug|Any CPU
		Release|Any CPU = Release|Any CPU
	EndGlobalSection
	GlobalSection(ProjectConfigurationPlatforms) = postSolution
		{AFE0C9FA-F597-426E-9920-60C7FE4CCF33}.Debug|Any CPU.ActiveCfg = Debug|Any CPU
		{AFE0C9FA-F597-426E-9920-60C7FE4CCF33}.Debug|Any CPU.Build.0 = Debug|Any CPU
		{AFE0C9FA-F597-426E-9920-60C7FE4CCF33}.Release|Any CPU.ActiveCfg = Release|Any CPU
		{AFE0C9FA-F597-426E-9920-60C7FE4CCF33}.Release|Any CPU.Build.0 = Release|Any CPU
		{5F9A7E69-6152-4E0F-A838-62036010920E}.Debug|Any CPU.ActiveCfg = Debug|Any CPU
		{5F9A7E69-6152-4E0F-A838-62036010920E}.Debug|Any CPU.Build.0 = Debug|Any CPU
		{5F9A7E69-6152-4E0F-A838-62036010920E}.Release|Any CPU.ActiveCfg = Release|Any CPU
		{5F9A7E69-6152-4E0F-A838-62036010920E}.Release|Any CPU.Build.0 = Release|Any CPU
	EndGlobalSection
	GlobalSection(SolutionProperties) = preSolution
		HideSolutionNode = FALSE
	EndGlobalSection
	GlobalSection(ExtensibilityGlobals) = postSolution
		SolutionGuid = {DC420C20-069A-4996-80BE-00F6E1A26550}
	EndGlobalSection
EndGlobal
